
Microsoft Visual Studio Solution File, Format Version 12.00
# Visual Studio 15
VisualStudioVersion = 15.0.27703.2035
MinimumVisualStudioVersion = 10.0.40219.1
Project("{FAE04EC0-301F-11D3-BF4B-00C04F79EFBC}") = "DDDInPractice.Logic", "DDDInPractice.Logic\DDDInPractice.Logic.csproj", "{DA5A8DD1-AE8B-4DBF-BF4C-BA992968377B}"
EndProject
Project("{FAE04EC0-301F-11D3-BF4B-00C04F79EFBC}") = "DDDInPractice.Tests", "DDDInPractice.Testss\DDDInPractice.Tests.csproj", "{978E1C13-6062-4787-A792-6711909C7374}"
	ProjectSection(ProjectDependencies) = postProject
		{DA5A8DD1-AE8B-4DBF-BF4C-BA992968377B} = {DA5A8DD1-AE8B-4DBF-BF4C-BA992968377B}
	EndProjectSection
EndProject
Project("{FAE04EC0-301F-11D3-BF4B-00C04F79EFBC}") = "DDDInPractice.UI", "DddInPractice.UI\DDDInPractice.UI.csproj", "{22298B76-87EC-4C16-A393-CA2D780CA15D}"
	ProjectSection(ProjectDependencies) = postProject
		{DA5A8DD1-AE8B-4DBF-BF4C-BA992968377B} = {DA5A8DD1-AE8B-4DBF-BF4C-BA992968377B}
	EndProjectSection
EndProject
Global
	GlobalSection(SolutionConfigurationPlatforms) = preSolution
		Debug|Any CPU = Debug|Any CPU
		Release|Any CPU = Release|Any CPU
	EndGlobalSection
	GlobalSection(ProjectConfigurationPlatforms) = postSolution
		{DA5A8DD1-AE8B-4DBF-BF4C-BA992968377B}.Debug|Any CPU.ActiveCfg = Debug|Any CPU
		{DA5A8DD1-AE8B-4DBF-BF4C-BA992968377B}.Debug|Any CPU.Build.0 = Debug|Any CPU
		{DA5A8DD1-AE8B-4DBF-BF4C-BA992968377B}.Release|Any CPU.ActiveCfg = Release|Any CPU
		{DA5A8DD1-AE8B-4DBF-BF4C-BA992968377B}.Release|Any CPU.Build.0 = Release|Any CPU
		{978E1C13-6062-4787-A792-6711909C7374}.Debug|Any CPU.ActiveCfg = Debug|Any CPU
		{978E1C13-6062-4787-A792-6711909C7374}.Debug|Any CPU.Build.0 = Debug|Any CPU
		{978E1C13-6062-4787-A792-6711909C7374}.Release|Any CPU.ActiveCfg = Release|Any CPU
		{978E1C13-6062-4787-A792-6711909C7374}.Release|Any CPU.Build.0 = Release|Any CPU
		{22298B76-87EC-4C16-A393-CA2D780CA15D}.Debug|Any CPU.ActiveCfg = Debug|Any CPU
		{22298B76-87EC-4C16-A393-CA2D780CA15D}.Debug|Any CPU.Build.0 = Debug|Any CPU
		{22298B76-87EC-4C16-A393-CA2D780CA15D}.Release|Any CPU.ActiveCfg = Release|Any CPU
		{22298B76-87EC-4C16-A393-CA2D780CA15D}.Release|Any CPU.Build.0 = Release|Any CPU
	EndGlobalSection
	GlobalSection(SolutionProperties) = preSolution
		HideSolutionNode = FALSE
	EndGlobalSection
	GlobalSection(ExtensibilityGlobals) = postSolution
		SolutionGuid = {06451D11-1608-4C14-A9AE-1BF01A89A4FB}
	EndGlobalSection
EndGlobal
